
Microsoft Visual Studio Solution File, Format Version 12.00
# Visual Studio Version 16
VisualStudioVersion = 16.0.30114.105
MinimumVisualStudioVersion = 10.0.40219.1
Project("{FAE04EC0-301F-11D3-BF4B-00C04F79EFBC}") = "DatingAppAPI", "DatingAppAPI\DatingAppAPI.csproj", "{C30C5E41-F69B-4E69-9962-87961393D104}"
EndProject
Global
	GlobalSection(SolutionConfigurationPlatforms) = preSolution
		Debug|Any CPU = Debug|Any CPU
		Release|Any CPU = Release|Any CPU
	EndGlobalSection
	GlobalSection(SolutionProperties) = preSolution
		HideSolutionNode = FALSE
	EndGlobalSection
	GlobalSection(ProjectConfigurationPlatforms) = postSolution
		{C30C5E41-F69B-4E69-9962-87961393D104}.Debug|Any CPU.ActiveCfg = Debug|Any CPU
		{C30C5E41-F69B-4E69-9962-87961393D104}.Debug|Any CPU.Build.0 = Debug|Any CPU
		{C30C5E41-F69B-4E69-9962-87961393D104}.Release|Any CPU.ActiveCfg = Release|Any CPU
		{C30C5E41-F69B-4E69-9962-87961393D104}.Release|Any CPU.Build.0 = Release|Any CPU
	EndGlobalSection
EndGlobal
